
Microsoft Visual Studio Solution File, Format Version 12.00
# Visual Studio 15
VisualStudioVersion = 15.0.28307.1145
MinimumVisualStudioVersion = 10.0.40219.1
Project("{FAE04EC0-301F-11D3-BF4B-00C04F79EFBC}") = "DentneD", "DentneD\DentneD.csproj", "{29E70CEE-F381-4C42-97FA-1BB49BF8F710}"
	ProjectSection(ProjectDependencies) = postProject
		{11E53A7F-D538-4FD1-BEBF-43A3A9248A6A} = {11E53A7F-D538-4FD1-BEBF-43A3A9248A6A}
	EndProjectSection
EndProject
Project("{FAE04EC0-301F-11D3-BF4B-00C04F79EFBC}") = "DentneDModel", "DentneDModel\DentneDModel.csproj", "{B00E28DB-3DBE-41D6-AE16-FD8352CE3D2B}"
EndProject
Project("{FAE04EC0-301F-11D3-BF4B-00C04F79EFBC}") = "DentneDModel.Test", "DentneDModel.Test\DentneDModel.Test.csproj", "{56405FBA-598C-43EA-939C-63128F3EB903}"
EndProject
Project("{FAE04EC0-301F-11D3-BF4B-00C04F79EFBC}") = "DentneDPrintModelDefault", "DentneDPrintModelDefault\DentneDPrintModelDefault.csproj", "{11E53A7F-D538-4FD1-BEBF-43A3A9248A6A}"
EndProject
Project("{FAE04EC0-301F-11D3-BF4B-00C04F79EFBC}") = "DentneDPopulateTestDatabase", "DentneDPopulateTestDatabase\DentneDPopulateTestDatabase.csproj", "{22F62A64-DFCE-46DB-8DD2-9D282D96E8D5}"
EndProject
Project("{FAE04EC0-301F-11D3-BF4B-00C04F79EFBC}") = "DentneDSer", "DentneDSer\DentneDSer.csproj", "{5E684A5A-6F8A-4A26-B81C-0803B2B24834}"
EndProject
Project("{FAE04EC0-301F-11D3-BF4B-00C04F79EFBC}") = "DentneDHelpers", "DentneDHelpers\DentneDHelpers.csproj", "{A56DE3FD-7E06-4389-A56A-5022D3D68777}"
EndProject
Project("{FAE04EC0-301F-11D3-BF4B-00C04F79EFBC}") = "DentneDHelpers.Test", "DentneDHelpers.Test\DentneDHelpers.Test.csproj", "{6E1B282E-A6B0-4525-95FE-BE539D45082B}"
EndProject
Project("{FAE04EC0-301F-11D3-BF4B-00C04F79EFBC}") = "DentneDPrintModel01", "DentneDPrintModel01\DentneDPrintModel01.csproj", "{6C71E9E9-BAC5-4597-804A-73E6A6E13B71}"
EndProject
Global
	GlobalSection(SolutionConfigurationPlatforms) = preSolution
		Debug|Any CPU = Debug|Any CPU
		Release|Any CPU = Release|Any CPU
	EndGlobalSection
	GlobalSection(ProjectConfigurationPlatforms) = postSolution
		{29E70CEE-F381-4C42-97FA-1BB49BF8F710}.Debug|Any CPU.ActiveCfg = Debug|Any CPU
		{29E70CEE-F381-4C42-97FA-1BB49BF8F710}.Debug|Any CPU.Build.0 = Debug|Any CPU
		{29E70CEE-F381-4C42-97FA-1BB49BF8F710}.Release|Any CPU.ActiveCfg = Release|Any CPU
		{29E70CEE-F381-4C42-97FA-1BB49BF8F710}.Release|Any CPU.Build.0 = Release|Any CPU
		{B00E28DB-3DBE-41D6-AE16-FD8352CE3D2B}.Debug|Any CPU.ActiveCfg = Debug|Any CPU
		{B00E28DB-3DBE-41D6-AE16-FD8352CE3D2B}.Debug|Any CPU.Build.0 = Debug|Any CPU
		{B00E28DB-3DBE-41D6-AE16-FD8352CE3D2B}.Release|Any CPU.ActiveCfg = Release|Any CPU
		{B00E28DB-3DBE-41D6-AE16-FD8352CE3D2B}.Release|Any CPU.Build.0 = Release|Any CPU
		{56405FBA-598C-43EA-939C-63128F3EB903}.Debug|Any CPU.ActiveCfg = Debug|Any CPU
		{56405FBA-598C-43EA-939C-63128F3EB903}.Debug|Any CPU.Build.0 = Debug|Any CPU
		{56405FBA-598C-43EA-939C-63128F3EB903}.Release|Any CPU.ActiveCfg = Release|Any CPU
		{56405FBA-598C-43EA-939C-63128F3EB903}.Release|Any CPU.Build.0 = Release|Any CPU
		{11E53A7F-D538-4FD1-BEBF-43A3A9248A6A}.Debug|Any CPU.ActiveCfg = Debug|Any CPU
		{11E53A7F-D538-4FD1-BEBF-43A3A9248A6A}.Debug|Any CPU.Build.0 = Debug|Any CPU
		{11E53A7F-D538-4FD1-BEBF-43A3A9248A6A}.Release|Any CPU.ActiveCfg = Release|Any CPU
		{11E53A7F-D538-4FD1-BEBF-43A3A9248A6A}.Release|Any CPU.Build.0 = Release|Any CPU
		{22F62A64-DFCE-46DB-8DD2-9D282D96E8D5}.Debug|Any CPU.ActiveCfg = Debug|Any CPU
		{22F62A64-DFCE-46DB-8DD2-9D282D96E8D5}.Debug|Any CPU.Build.0 = Debug|Any CPU
		{22F62A64-DFCE-46DB-8DD2-9D282D96E8D5}.Release|Any CPU.ActiveCfg = Release|Any CPU
		{22F62A64-DFCE-46DB-8DD2-9D282D96E8D5}.Release|Any CPU.Build.0 = Release|Any CPU
		{5E684A5A-6F8A-4A26-B81C-0803B2B24834}.Debug|Any CPU.ActiveCfg = Debug|Any CPU
		{5E684A5A-6F8A-4A26-B81C-0803B2B24834}.Debug|Any CPU.Build.0 = Debug|Any CPU
		{5E684A5A-6F8A-4A26-B81C-0803B2B24834}.Release|Any CPU.ActiveCfg = Release|Any CPU
		{5E684A5A-6F8A-4A26-B81C-0803B2B24834}.Release|Any CPU.Build.0 = Release|Any CPU
		{A56DE3FD-7E06-4389-A56A-5022D3D68777}.Debug|Any CPU.ActiveCfg = Debug|Any CPU
		{A56DE3FD-7E06-4389-A56A-5022D3D68777}.Debug|Any CPU.Build.0 = Debug|Any CPU
		{A56DE3FD-7E06-4389-A56A-5022D3D68777}.Release|Any CPU.ActiveCfg = Release|Any CPU
		{A56DE3FD-7E06-4389-A56A-5022D3D68777}.Release|Any CPU.Build.0 = Release|Any CPU
		{6E1B282E-A6B0-4525-95FE-BE539D45082B}.Debug|Any CPU.ActiveCfg = Debug|Any CPU
		{6E1B282E-A6B0-4525-95FE-BE539D45082B}.Debug|Any CPU.Build.0 = Debug|Any CPU
		{6E1B282E-A6B0-4525-95FE-BE539D45082B}.Release|Any CPU.ActiveCfg = Release|Any CPU
		{6E1B282E-A6B0-4525-95FE-BE539D45082B}.Release|Any CPU.Build.0 = Release|Any CPU
		{6C71E9E9-BAC5-4597-804A-73E6A6E13B71}.Debug|Any CPU.ActiveCfg = Debug|Any CPU
		{6C71E9E9-BAC5-4597-804A-73E6A6E13B71}.Debug|Any CPU.Build.0 = Debug|Any CPU
		{6C71E9E9-BAC5-4597-804A-73E6A6E13B71}.Release|Any CPU.ActiveCfg = Release|Any CPU
		{6C71E9E9-BAC5-4597-804A-73E6A6E13B71}.Release|Any CPU.Build.0 = Release|Any CPU
	EndGlobalSection
	GlobalSection(SolutionProperties) = preSolution
		HideSolutionNode = FALSE
	EndGlobalSection
	GlobalSection(ExtensibilityGlobals) = postSolution
		SolutionGuid = {69711AD8-155B-4A47-AEE3-97ADD5DACB47}
	EndGlobalSection
EndGlobal
